// !$*UTF8*$!
{
	archiveVersion = 1;
	classes = {
	};
	objectVersion = 77;
	objects = {

/* Begin PBXContainerItemProxy section */
		7D36EEE22DE2A5580057DFB7 /* PBXContainerItemProxy */ = {
			isa = PBXContainerItemProxy;
			containerPortal = 7D36EEC82DE2A5550057DFB7 /* Project object */;
			proxyType = 1;
			remoteGlobalIDString = 7D36EECF2DE2A5550057DFB7;
			remoteInfo = SmartMessage;
		};
		7D36EEEC2DE2A5580057DFB7 /* PBXContainerItemProxy */ = {
			isa = PBXContainerItemProxy;
			containerPortal = 7D36EEC82DE2A5550057DFB7 /* Project object */;
			proxyType = 1;
			remoteGlobalIDString = 7D36EECF2DE2A5550057DFB7;
			remoteInfo = SmartMessage;
		};
/* End PBXContainerItemProxy section */

/* Begin PBXFileReference section */
		7D36EED02DE2A5550057DFB7 /* SmartMessage.app */ = {isa = PBXFileReference; explicitFileType = wrapper.application; includeInIndex = 0; path = SmartMessage.app; sourceTree = BUILT_PRODUCTS_DIR; };
		7D36EEE12DE2A5580057DFB7 /* SmartMessageTests.xctest */ = {isa = PBXFileReference; explicitFileType = wrapper.cfbundle; includeInIndex = 0; path = SmartMessageTests.xctest; sourceTree = BUILT_PRODUCTS_DIR; };
		7D36EEEB2DE2A5580057DFB7 /* SmartMessageUITests.xctest */ = {isa = PBXFileReference; explicitFileType = wrapper.cfbundle; includeInIndex = 0; path = SmartMessageUITests.xctest; sourceTree = BUILT_PRODUCTS_DIR; };
/* End PBXFileReference section */

/* Begin PBXFileSystemSynchronizedRootGroup section */
		7D36EED22DE2A5550057DFB7 /* SmartMessage */ = {
			isa = PBXFileSystemSynchronizedRootGroup;
			path = SmartMessage;
			sourceTree = "<group>";
		};
		7D36EEE42DE2A5580057DFB7 /* SmartMessageTests */ = {
			isa = PBXFileSystemSynchronizedRootGroup;
			path = SmartMessageTests;
			sourceTree = "<group>";
		};
		7D36EEEE2DE2A5580057DFB7 /* SmartMessageUITests */ = {
			isa = PBXFileSystemSynchronizedRootGroup;
			path = SmartMessageUITests;
			sourceTree = "<group>";
		};
/* End PBXFileSystemSynchronizedRootGroup section */

/* Begin PBXFrameworksBuildPhase section */
		7D36EECD2DE2A5550057DFB7 /* Frameworks */ = {
			isa = PBXFrameworksBuildPhase;
			buildActionMask = 2147483647;
			files = (
			);
			runOnlyForDeploymentPostprocessing = 0;
		};
		7D36EEDE2DE2A5580057DFB7 /* Frameworks */ = {
			isa = PBXFrameworksBuildPhase;
			buildActionMask = 2147483647;
			files = (
			);
			runOnlyForDeploymentPostprocessing = 0;
		};
		7D36EEE82DE2A5580057DFB7 /* Frameworks */ = {
			isa = PBXFrameworksBuildPhase;
			buildActionMask = 2147483647;
			files = (
			);
			runOnlyForDeploymentPostprocessing = 0;
		};
/* End PBXFrameworksBuildPhase section */

/* Begin PBXGroup section */
		7D36EEC72DE2A5550057DFB7 = {
			isa = PBXGroup;
			children = (
				7D36EED22DE2A5550057DFB7 /* SmartMessage */,
				7D36EEE42DE2A5580057DFB7 /* SmartMessageTests */,
				7D36EEEE2DE2A5580057DFB7 /* SmartMessageUITests */,
				7D36EED12DE2A5550057DFB7 /* Products */,
			);
			sourceTree = "<group>";
		};
		7D36EED12DE2A5550057DFB7 /* Products */ = {
			isa = PBXGroup;
			children = (
				7D36EED02DE2A5550057DFB7 /* SmartMessage.app */,
				7D36EEE12DE2A5580057DFB7 /* SmartMessageTests.xctest */,
				7D36EEEB2DE2A5580057DFB7 /* SmartMessageUITests.xctest */,
			);
			name = Products;
			sourceTree = "<group>";
		};
/* End PBXGroup section */

/* Begin PBXNativeTarget section */
		7D36EECF2DE2A5550057DFB7 /* SmartMessage */ = {
			isa = PBXNativeTarget;
			buildConfigurationList = 7D36EEF52DE2A5580057DFB7 /* Build configuration list for PBXNativeTarget "SmartMessage" */;
			buildPhases = (
				7D36EECC2DE2A5550057DFB7 /* Sources */,
				7D36EECD2DE2A5550057DFB7 /* Frameworks */,
				7D36EECE2DE2A5550057DFB7 /* Resources */,
			);
			buildRules = (
			);
			dependencies = (
			);
			fileSystemSynchronizedGroups = (
				7D36EED22DE2A5550057DFB7 /* SmartMessage */,
			);
			name = SmartMessage;
			packageProductDependencies = (
			);
			productName = SmartMessage;
			productReference = 7D36EED02DE2A5550057DFB7 /* SmartMessage.app */;
			productType = "com.apple.product-type.application";
		};
		7D36EEE02DE2A5580057DFB7 /* SmartMessageTests */ = {
			isa = PBXNativeTarget;
			buildConfigurationList = 7D36EEF82DE2A5580057DFB7 /* Build configuration list for PBXNativeTarget "SmartMessageTests" */;
			buildPhases = (
				7D36EEDD2DE2A5580057DFB7 /* Sources */,
				7D36EEDE2DE2A5580057DFB7 /* Frameworks */,
				7D36EEDF2DE2A5580057DFB7 /* Resources */,
			);
			buildRules = (
			);
			dependencies = (
				7D36EEE32DE2A5580057DFB7 /* PBXTargetDependency */,
			);
			fileSystemSynchronizedGroups = (
				7D36EEE42DE2A5580057DFB7 /* SmartMessageTests */,
			);
			name = SmartMessageTests;
			packageProductDependencies = (
			);
			productName = SmartMessageTests;
			productReference = 7D36EEE12DE2A5580057DFB7 /* SmartMessageTests.xctest */;
			productType = "com.apple.product-type.bundle.unit-test";
		};
		7D36EEEA2DE2A5580057DFB7 /* SmartMessageUITests */ = {
			isa = PBXNativeTarget;
			buildConfigurationList = 7D36EEFB2DE2A5580057DFB7 /* Build configuration list for PBXNativeTarget "SmartMessageUITests" */;
			buildPhases = (
				7D36EEE72DE2A5580057DFB7 /* Sources */,
				7D36EEE82DE2A5580057DFB7 /* Frameworks */,
				7D36EEE92DE2A5580057DFB7 /* Resources */,
			);
			buildRules = (
			);
			dependencies = (
				7D36EEED2DE2A5580057DFB7 /* PBXTargetDependency */,
			);
			fileSystemSynchronizedGroups = (
				7D36EEEE2DE2A5580057DFB7 /* SmartMessageUITests */,
			);
			name = SmartMessageUITests;
			packageProductDependencies = (
			);
			productName = SmartMessageUITests;
			productReference = 7D36EEEB2DE2A5580057DFB7 /* SmartMessageUITests.xctest */;
			productType = "com.apple.product-type.bundle.ui-testing";
		};
/* End PBXNativeTarget section */

/* Begin PBXProject section */
		7D36EEC82DE2A5550057DFB7 /* Project object */ = {
			isa = PBXProject;
			attributes = {
				BuildIndependentTargetsInParallel = 1;
				LastSwiftUpdateCheck = 1600;
				LastUpgradeCheck = 1600;
				TargetAttributes = {
					7D36EECF2DE2A5550057DFB7 = {
						CreatedOnToolsVersion = 16.0;
					};
					7D36EEE02DE2A5580057DFB7 = {
						CreatedOnToolsVersion = 16.0;
						TestTargetID = 7D36EECF2DE2A5550057DFB7;
					};
					7D36EEEA2DE2A5580057DFB7 = {
						CreatedOnToolsVersion = 16.0;
						TestTargetID = 7D36EECF2DE2A5550057DFB7;
					};
				};
			};
			buildConfigurationList = 7D36EECB2DE2A5550057DFB7 /* Build configuration list for PBXProject "SmartMessage" */;
			developmentRegion = en;
			hasScannedForEncodings = 0;
			knownRegions = (
				en,
				Base,
			);
			mainGroup = 7D36EEC72DE2A5550057DFB7;
			minimizedProjectReferenceProxies = 1;
			preferredProjectObjectVersion = 77;
			productRefGroup = 7D36EED12DE2A5550057DFB7 /* Products */;
			projectDirPath = "";
			projectRoot = "";
			targets = (
				7D36EECF2DE2A5550057DFB7 /* SmartMessage */,
				7D36EEE02DE2A5580057DFB7 /* SmartMessageTests */,
				7D36EEEA2DE2A5580057DFB7 /* SmartMessageUITests */,
			);
		};
/* End PBXProject section */

/* Begin PBXResourcesBuildPhase section */
		7D36EECE2DE2A5550057DFB7 /* Resources */ = {
			isa = PBXResourcesBuildPhase;
			buildActionMask = 2147483647;
			files = (
			);
			runOnlyForDeploymentPostprocessing = 0;
		};
		7D36EEDF2DE2A5580057DFB7 /* Resources */ = {
			isa = PBXResourcesBuildPhase;
			buildActionMask = 2147483647;
			files = (
			);
			runOnlyForDeploymentPostprocessing = 0;
		};
		7D36EEE92DE2A5580057DFB7 /* Resources */ = {
			isa = PBXResourcesBuildPhase;
			buildActionMask = 2147483647;
			files = (
			);
			runOnlyForDeploymentPostprocessing = 0;
		};
/* End PBXResourcesBuildPhase section */

/* Begin PBXSourcesBuildPhase section */
		7D36EECC2DE2A5550057DFB7 /* Sources */ = {
			isa = PBXSourcesBuildPhase;
			buildActionMask = 2147483647;
			files = (
			);
			runOnlyForDeploymentPostprocessing = 0;
		};
		7D36EEDD2DE2A5580057DFB7 /* Sources */ = {
			isa = PBXSourcesBuildPhase;
			buildActionMask = 2147483647;
			files = (
			);
			runOnlyForDeploymentPostprocessing = 0;
		};
		7D36EEE72DE2A5580057DFB7 /* Sources */ = {
			isa = PBXSourcesBuildPhase;
			buildActionMask = 2147483647;
			files = (
			);
			runOnlyForDeploymentPostprocessing = 0;
		};
/* End PBXSourcesBuildPhase section */

/* Begin PBXTargetDependency section */
		7D36EEE32DE2A5580057DFB7 /* PBXTargetDependency */ = {
			isa = PBXTargetDependency;
			target = 7D36EECF2DE2A5550057DFB7 /* SmartMessage */;
			targetProxy = 7D36EEE22DE2A5580057DFB7 /* PBXContainerItemProxy */;
		};
		7D36EEED2DE2A5580057DFB7 /* PBXTargetDependency */ = {
			isa = PBXTargetDependency;
			target = 7D36EECF2DE2A5550057DFB7 /* SmartMessage */;
			targetProxy = 7D36EEEC2DE2A5580057DFB7 /* PBXContainerItemProxy */;
		};
/* End PBXTargetDependency section */

/* Begin XCBuildConfiguration section */
		7D36EEF32DE2A5580057DFB7 /* Debug */ = {
			isa = XCBuildConfiguration;
			buildSettings = {
				ALWAYS_SEARCH_USER_PATHS = NO;
				ASSETCATALOG_COMPILER_GENERATE_SWIFT_ASSET_SYMBOL_EXTENSIONS = YES;
				CLANG_ANALYZER_NONNULL = YES;
				CLANG_ANALYZER_NUMBER_OBJECT_CONVERSION = YES_AGGRESSIVE;
				CLANG_CXX_LANGUAGE_STANDARD = "gnu++20";
				CLANG_ENABLE_MODULES = YES;
				CLANG_ENABLE_OBJC_ARC = YES;
				CLANG_ENABLE_OBJC_WEAK = YES;
				CLANG_WARN_BLOCK_CAPTURE_AUTORELEASING = YES;
				CLANG_WARN_BOOL_CONVERSION = YES;
				CLANG_WARN_COMMA = YES;
				CLANG_WARN_CONSTANT_CONVERSION = YES;
				CLANG_WARN_DEPRECATED_OBJC_IMPLEMENTATIONS = YES;
				CLANG_WARN_DIRECT_OBJC_ISA_USAGE = YES_ERROR;
				CLANG_WARN_DOCUMENTATION_COMMENTS = YES;
				CLANG_WARN_EMPTY_BODY = YES;
				CLANG_WARN_ENUM_CONVERSION = YES;
				CLANG_WARN_INFINITE_RECURSION = YES;
				CLANG_WARN_INT_CONVERSION = YES;
				CLANG_WARN_NON_LITERAL_NULL_CONVERSION = YES;
				CLANG_WARN_OBJC_IMPLICIT_RETAIN_SELF = YES;
				CLANG_WARN_OBJC_LITERAL_CONVERSION = YES;
				CLANG_WARN_OBJC_ROOT_CLASS = YES_ERROR;
				CLANG_WARN_QUOTED_INCLUDE_IN_FRAMEWORK_HEADER = YES;
				CLANG_WARN_RANGE_LOOP_ANALYSIS = YES;
				CLANG_WARN_STRICT_PROTOTYPES = YES;
				CLANG_WARN_SUSPICIOUS_MOVE = YES;
				CLANG_WARN_UNGUARDED_AVAILABILITY = YES_AGGRESSIVE;
				CLANG_WARN_UNREACHABLE_CODE = YES;
				CLANG_WARN__DUPLICATE_METHOD_MATCH = YES;
				COPY_PHASE_STRIP = NO;
				DEBUG_INFORMATION_FORMAT = dwarf;
				ENABLE_STRICT_OBJC_MSGSEND = YES;
				ENABLE_TESTABILITY = YES;
				ENABLE_USER_SCRIPT_SANDBOXING = YES;
				GCC_C_LANGUAGE_STANDARD = gnu17;
				GCC_DYNAMIC_NO_PIC = NO;
				GCC_NO_COMMON_BLOCKS = YES;
				GCC_OPTIMIZATION_LEVEL = 0;
				GCC_PREPROCESSOR_DEFINITIONS = (
					"DEBUG=1",
					"$(inherited)",
				);
				GCC_WARN_64_TO_32_BIT_CONVERSION = YES;
				GCC_WARN_ABOUT_RETURN_TYPE = YES_ERROR;
				GCC_WARN_UNDECLARED_SELECTOR = YES;
				GCC_WARN_UNINITIALIZED_AUTOS = YES_AGGRESSIVE;
				GCC_WARN_UNUSED_FUNCTION = YES;
				GCC_WARN_UNUSED_VARIABLE = YES;
				LOCALIZATION_PREFERS_STRING_CATALOGS = YES;
				MACOSX_DEPLOYMENT_TARGET = 15.0;
				MTL_ENABLE_DEBUG_INFO = INCLUDE_SOURCE;
				MTL_FAST_MATH = YES;
				ONLY_ACTIVE_ARCH = YES;
				SDKROOT = macosx;
				SWIFT_ACTIVE_COMPILATION_CONDITIONS = "DEBUG $(inherited)";
				SWIFT_OPTIMIZATION_LEVEL = "-Onone";
			};
			name = Debug;
		};
		7D36EEF42DE2A5580057DFB7 /* Release */ = {
			isa = XCBuildConfiguration;
			buildSettings = {
				ALWAYS_SEARCH_USER_PATHS = NO;
				ASSETCATALOG_COMPILER_GENERATE_SWIFT_ASSET_SYMBOL_EXTENSIONS = YES;
				CLANG_ANALYZER_NONNULL = YES;
				CLANG_ANALYZER_NUMBER_OBJECT_CONVERSION = YES_AGGRESSIVE;
				CLANG_CXX_LANGUAGE_STANDARD = "gnu++20";
				CLANG_ENABLE_MODULES = YES;
				CLANG_ENABLE_OBJC_ARC = YES;
				CLANG_ENABLE_OBJC_WEAK = YES;
				CLANG_WARN_BLOCK_CAPTURE_AUTORELEASING = YES;
				CLANG_WARN_BOOL_CONVERSION = YES;
				CLANG_WARN_COMMA = YES;
				CLANG_WARN_CONSTANT_CONVERSION = YES;
				CLANG_WARN_DEPRECATED_OBJC_IMPLEMENTATIONS = YES;
				CLANG_WARN_DIRECT_OBJC_ISA_USAGE = YES_ERROR;
				CLANG_WARN_DOCUMENTATION_COMMENTS = YES;
				CLANG_WARN_EMPTY_BODY = YES;
				CLANG_WARN_ENUM_CONVERSION = YES;
				CLANG_WARN_INFINITE_RECURSION = YES;
				CLANG_WARN_INT_CONVERSION = YES;
				CLANG_WARN_NON_LITERAL_NULL_CONVERSION = YES;
				CLANG_WARN_OBJC_IMPLICIT_RETAIN_SELF = YES;
				CLANG_WARN_OBJC_LITERAL_CONVERSION = YES;
				CLANG_WARN_OBJC_ROOT_CLASS = YES_ERROR;
				CLANG_WARN_QUOTED_INCLUDE_IN_FRAMEWORK_HEADER = YES;
				CLANG_WARN_RANGE_LOOP_ANALYSIS = YES;
				CLANG_WARN_STRICT_PROTOTYPES = YES;
				CLANG_WARN_SUSPICIOUS_MOVE = YES;
				CLANG_WARN_UNGUARDED_AVAILABILITY = YES_AGGRESSIVE;
				CLANG_WARN_UNREACHABLE_CODE = YES;
				CLANG_WARN__DUPLICATE_METHOD_MATCH = YES;
				COPY_PHASE_STRIP = NO;
				DEBUG_INFORMATION_FORMAT = "dwarf-with-dsym";
				ENABLE_NS_ASSERTIONS = NO;
				ENABLE_STRICT_OBJC_MSGSEND = YES;
				ENABLE_USER_SCRIPT_SANDBOXING = YES;
				GCC_C_LANGUAGE_STANDARD = gnu17;
				GCC_NO_COMMON_BLOCKS = YES;
				GCC_WARN_64_TO_32_BIT_CONVERSION = YES;
				GCC_WARN_ABOUT_RETURN_TYPE = YES_ERROR;
				GCC_WARN_UNDECLARED_SELECTOR = YES;
				GCC_WARN_UNINITIALIZED_AUTOS = YES_AGGRESSIVE;
				GCC_WARN_UNUSED_FUNCTION = YES;
				GCC_WARN_UNUSED_VARIABLE = YES;
				LOCALIZATION_PREFERS_STRING_CATALOGS = YES;
				MACOSX_DEPLOYMENT_TARGET = 15.0;
				MTL_ENABLE_DEBUG_INFO = NO;
				MTL_FAST_MATH = YES;
				SDKROOT = macosx;
				SWIFT_COMPILATION_MODE = wholemodule;
			};
			name = Release;
		};
		7D36EEF62DE2A5580057DFB7 /* Debug */ = {
			isa = XCBuildConfiguration;
			buildSettings = {
				ASSETCATALOG_COMPILER_APPICON_NAME = AppIcon;
				ASSETCATALOG_COMPILER_GLOBAL_ACCENT_COLOR_NAME = AccentColor;
				CODE_SIGN_ENTITLEMENTS = SmartMessage/SmartMessage.entitlements;
				CODE_SIGN_STYLE = Automatic;
				COMBINE_HIDPI_IMAGES = YES;
				CURRENT_PROJECT_VERSION = 1;
				GENERATE_INFOPLIST_FILE = YES;
				INFOPLIST_KEY_NSHumanReadableCopyright = "";
				INFOPLIST_KEY_NSMainStoryboardFile = Main;
				INFOPLIST_KEY_NSPrincipalClass = NSApplication;
				LD_RUNPATH_SEARCH_PATHS = (
					"$(inherited)",
					"@executable_path/../Frameworks",
				);
				MARKETING_VERSION = 1.0;
				PRODUCT_BUNDLE_IDENTIFIER = com.bigworld.SmartMessage;
				PRODUCT_NAME = "$(TARGET_NAME)";
				SWIFT_EMIT_LOC_STRINGS = YES;
				SWIFT_VERSION = 5.0;
			};
			name = Debug;
		};
		7D36EEF72DE2A5580057DFB7 /* Release */ = {
			isa = XCBuildConfiguration;
			buildSettings = {
				ASSETCATALOG_COMPILER_APPICON_NAME = AppIcon;
				ASSETCATALOG_COMPILER_GLOBAL_ACCENT_COLOR_NAME = AccentColor;
				CODE_SIGN_ENTITLEMENTS = SmartMessage/SmartMessage.entitlements;
				CODE_SIGN_STYLE = Automatic;
				COMBINE_HIDPI_IMAGES = YES;
				CURRENT_PROJECT_VERSION = 1;
				GENERATE_INFOPLIST_FILE = YES;
				INFOPLIST_KEY_NSHumanReadableCopyright = "";
				INFOPLIST_KEY_NSMainStoryboardFile = Main;
				INFOPLIST_KEY_NSPrincipalClass = NSApplication;
				LD_RUNPATH_SEARCH_PATHS = (
					"$(inherited)",
					"@executable_path/../Frameworks",
				);
				MARKETING_VERSION = 1.0;
				PRODUCT_BUNDLE_IDENTIFIER = com.bigworld.SmartMessage;
				PRODUCT_NAME = "$(TARGET_NAME)";
				SWIFT_EMIT_LOC_STRINGS = YES;
				SWIFT_VERSION = 5.0;
			};
			name = Release;
		};
		7D36EEF92DE2A5580057DFB7 /* Debug */ = {
			isa = XCBuildConfiguration;
			buildSettings = {
				BUNDLE_LOADER = "$(TEST_HOST)";
				CODE_SIGN_STYLE = Automatic;
				CURRENT_PROJECT_VERSION = 1;
				GENERATE_INFOPLIST_FILE = YES;
				MACOSX_DEPLOYMENT_TARGET = 15.0;
				MARKETING_VERSION = 1.0;
				PRODUCT_BUNDLE_IDENTIFIER = com.bigworld.SmartMessageTests;
				PRODUCT_NAME = "$(TARGET_NAME)";
				SWIFT_EMIT_LOC_STRINGS = NO;
				SWIFT_VERSION = 5.0;
				TEST_HOST = "$(BUILT_PRODUCTS_DIR)/SmartMessage.app/$(BUNDLE_EXECUTABLE_FOLDER_PATH)/SmartMessage";
			};
			name = Debug;
		};
		7D36EEFA2DE2A5580057DFB7 /* Release */ = {
			isa = XCBuildConfiguration;
			buildSettings = {
				BUNDLE_LOADER = "$(TEST_HOST)";
				CODE_SIGN_STYLE = Automatic;
				CURRENT_PROJECT_VERSION = 1;
				GENERATE_INFOPLIST_FILE = YES;
				MACOSX_DEPLOYMENT_TARGET = 15.0;
				MARKETING_VERSION = 1.0;
				PRODUCT_BUNDLE_IDENTIFIER = com.bigworld.SmartMessageTests;
				PRODUCT_NAME = "$(TARGET_NAME)";
				SWIFT_EMIT_LOC_STRINGS = NO;
				SWIFT_VERSION = 5.0;
				TEST_HOST = "$(BUILT_PRODUCTS_DIR)/SmartMessage.app/$(BUNDLE_EXECUTABLE_FOLDER_PATH)/SmartMessage";
			};
			name = Release;
		};
		7D36EEFC2DE2A5580057DFB7 /* Debug */ = {
			isa = XCBuildConfiguration;
			buildSettings = {
				CODE_SIGN_STYLE = Automatic;
				CURRENT_PROJECT_VERSION = 1;
				GENERATE_INFOPLIST_FILE = YES;
				MARKETING_VERSION = 1.0;
				PRODUCT_BUNDLE_IDENTIFIER = com.bigworld.SmartMessageUITests;
				PRODUCT_NAME = "$(TARGET_NAME)";
				SWIFT_EMIT_LOC_STRINGS = NO;
				SWIFT_VERSION = 5.0;
				TEST_TARGET_NAME = SmartMessage;
			};
			name = Debug;
		};
		7D36EEFD2DE2A5580057DFB7 /* Release */ = {
			isa = XCBuildConfiguration;
			buildSettings = {
				CODE_SIGN_STYLE = Automatic;
				CURRENT_PROJECT_VERSION = 1;
				GENERATE_INFOPLIST_FILE = YES;
				MARKETING_VERSION = 1.0;
				PRODUCT_BUNDLE_IDENTIFIER = com.bigworld.SmartMessageUITests;
				PRODUCT_NAME = "$(TARGET_NAME)";
				SWIFT_EMIT_LOC_STRINGS = NO;
				SWIFT_VERSION = 5.0;
				TEST_TARGET_NAME = SmartMessage;
			};
			name = Release;
		};
/* End XCBuildConfiguration section */

/* Begin XCConfigurationList section */
		7D36EECB2DE2A5550057DFB7 /* Build configuration list for PBXProject "SmartMessage" */ = {
			isa = XCConfigurationList;
			buildConfigurations = (
				7D36EEF32DE2A5580057DFB7 /* Debug */,
				7D36EEF42DE2A5580057DFB7 /* Release */,
			);
			defaultConfigurationIsVisible = 0;
			defaultConfigurationName = Release;
		};
		7D36EEF52DE2A5580057DFB7 /* Build configuration list for PBXNativeTarget "SmartMessage" */ = {
			isa = XCConfigurationList;
			buildConfigurations = (
				7D36EEF62DE2A5580057DFB7 /* Debug */,
				7D36EEF72DE2A5580057DFB7 /* Release */,
			);
			defaultConfigurationIsVisible = 0;
			defaultConfigurationName = Release;
		};
		7D36EEF82DE2A5580057DFB7 /* Build configuration list for PBXNativeTarget "SmartMessageTests" */ = {
			isa = XCConfigurationList;
			buildConfigurations = (
				7D36EEF92DE2A5580057DFB7 /* Debug */,
				7D36EEFA2DE2A5580057DFB7 /* Release */,
			);
			defaultConfigurationIsVisible = 0;
			defaultConfigurationName = Release;
		};
		7D36EEFB2DE2A5580057DFB7 /* Build configuration list for PBXNativeTarget "SmartMessageUITests" */ = {
			isa = XCConfigurationList;
			buildConfigurations = (
				7D36EEFC2DE2A5580057DFB7 /* Debug */,
				7D36EEFD2DE2A5580057DFB7 /* Release */,
			);
			defaultConfigurationIsVisible = 0;
			defaultConfigurationName = Release;
		};
/* End XCConfigurationList section */
	};
	rootObject = 7D36EEC82DE2A5550057DFB7 /* Project object */;
}
